
Microsoft Visual Studio Solution File, Format Version 12.00
# Visual Studio Version 17
VisualStudioVersion = 17.9.34723.18
MinimumVisualStudioVersion = 10.0.40219.1
Project("{9A19103F-16F7-4668-BE54-9A1E7A4F7556}") = "Test", "Test\Test.csproj", "{082FB076-4A05-4AE0-9F89-FCB1BBFEC4B7}"
EndProject
Project("{9A19103F-16F7-4668-BE54-9A1E7A4F7556}") = "Cadcorp", "Application\Cadcorp.csproj", "{A5183DAF-EB2C-4D8F-8F8E-5E914E064A18}"
EndProject
Global
	GlobalSection(SolutionConfigurationPlatforms) = preSolution
		Debug|Any CPU = Debug|Any CPU
		Release|Any CPU = Release|Any CPU
	EndGlobalSection
	GlobalSection(ProjectConfigurationPlatforms) = postSolution
		{082FB076-4A05-4AE0-9F89-FCB1BBFEC4B7}.Debug|Any CPU.ActiveCfg = Debug|Any CPU
		{082FB076-4A05-4AE0-9F89-FCB1BBFEC4B7}.Debug|Any CPU.Build.0 = Debug|Any CPU
		{082FB076-4A05-4AE0-9F89-FCB1BBFEC4B7}.Release|Any CPU.ActiveCfg = Release|Any CPU
		{082FB076-4A05-4AE0-9F89-FCB1BBFEC4B7}.Release|Any CPU.Build.0 = Release|Any CPU
		{A5183DAF-EB2C-4D8F-8F8E-5E914E064A18}.Debug|Any CPU.ActiveCfg = Debug|Any CPU
		{A5183DAF-EB2C-4D8F-8F8E-5E914E064A18}.Debug|Any CPU.Build.0 = Debug|Any CPU
		{A5183DAF-EB2C-4D8F-8F8E-5E914E064A18}.Release|Any CPU.ActiveCfg = Release|Any CPU
		{A5183DAF-EB2C-4D8F-8F8E-5E914E064A18}.Release|Any CPU.Build.0 = Release|Any CPU
	EndGlobalSection
	GlobalSection(SolutionProperties) = preSolution
		HideSolutionNode = FALSE
	EndGlobalSection
	GlobalSection(ExtensibilityGlobals) = postSolution
		SolutionGuid = {E1780787-B595-46A1-81FE-EF52042E5384}
	EndGlobalSection
EndGlobal
